
Microsoft Visual Studio Solution File, Format Version 12.00
# Visual Studio Version 17
VisualStudioVersion = 17.14.36717.8
MinimumVisualStudioVersion = 10.0.40219.1
Project("{54A90642-561A-4BB1-A94E-469ADEE60C69}") = "uniclub-hub.client", "uniclub-hub.client\uniclub-hub.client.esproj", "{80CDCAC0-179C-3DA4-7B86-DBE9C71F3E23}"
EndProject
Project("{FAE04EC0-301F-11D3-BF4B-00C04F79EFBC}") = "UniClub-Hub.API", "UniClub-Hub.Server\UniClub-Hub.API.csproj", "{12114537-D126-44AE-B977-3D5491E439F4}"
EndProject
Project("{FAE04EC0-301F-11D3-BF4B-00C04F79EFBC}") = "UniClub-Hub.Shared", "UniClub-Hub.Shared\UniClub-Hub.Shared.csproj", "{3590C4F0-8F37-4A38-BEE7-F45CC5D8BEE0}"
EndProject
Project("{FAE04EC0-301F-11D3-BF4B-00C04F79EFBC}") = "UniClub-Hub.Operations", "UniClub-Hub.Operations\UniClub-Hub.Operations.csproj", "{52A5C063-A0E9-461D-BBEC-31184FE43D32}"
EndProject
Project("{FAE04EC0-301F-11D3-BF4B-00C04F79EFBC}") = "UniClub-Hub.Portal", "UniClub-Hub.Portal\UniClub-Hub.Portal.csproj", "{B4FB2D08-7A36-41FA-83C8-F88429356BB5}"
EndProject
Project("{FAE04EC0-301F-11D3-BF4B-00C04F79EFBC}") = "UniClub-Hub.Membership", "UniClub-Hub.Membership\UniClub-Hub.Membership.csproj", "{3BE6F71A-E674-4960-A03F-F5F7176AB329}"
EndProject
Project("{FAE04EC0-301F-11D3-BF4B-00C04F79EFBC}") = "UniClub-Hub.Tests", "UniClub-Hub.Tests\UniClub-Hub.Tests.csproj", "{98B22D8E-D45D-4B14-BFAD-5AC8FF2097D4}"
EndProject
Global
	GlobalSection(SolutionConfigurationPlatforms) = preSolution
		Debug|Any CPU = Debug|Any CPU
		Release|Any CPU = Release|Any CPU
	EndGlobalSection
	GlobalSection(ProjectConfigurationPlatforms) = postSolution
		{80CDCAC0-179C-3DA4-7B86-DBE9C71F3E23}.Debug|Any CPU.ActiveCfg = Debug|Any CPU
		{80CDCAC0-179C-3DA4-7B86-DBE9C71F3E23}.Debug|Any CPU.Build.0 = Debug|Any CPU
		{80CDCAC0-179C-3DA4-7B86-DBE9C71F3E23}.Debug|Any CPU.Deploy.0 = Debug|Any CPU
		{80CDCAC0-179C-3DA4-7B86-DBE9C71F3E23}.Release|Any CPU.ActiveCfg = Release|Any CPU
		{80CDCAC0-179C-3DA4-7B86-DBE9C71F3E23}.Release|Any CPU.Build.0 = Release|Any CPU
		{80CDCAC0-179C-3DA4-7B86-DBE9C71F3E23}.Release|Any CPU.Deploy.0 = Release|Any CPU
		{12114537-D126-44AE-B977-3D5491E439F4}.Debug|Any CPU.ActiveCfg = Debug|Any CPU
		{12114537-D126-44AE-B977-3D5491E439F4}.Debug|Any CPU.Build.0 = Debug|Any CPU
		{12114537-D126-44AE-B977-3D5491E439F4}.Release|Any CPU.ActiveCfg = Release|Any CPU
		{12114537-D126-44AE-B977-3D5491E439F4}.Release|Any CPU.Build.0 = Release|Any CPU
		{3590C4F0-8F37-4A38-BEE7-F45CC5D8BEE0}.Debug|Any CPU.ActiveCfg = Debug|Any CPU
		{3590C4F0-8F37-4A38-BEE7-F45CC5D8BEE0}.Debug|Any CPU.Build.0 = Debug|Any CPU
		{3590C4F0-8F37-4A38-BEE7-F45CC5D8BEE0}.Release|Any CPU.ActiveCfg = Release|Any CPU
		{3590C4F0-8F37-4A38-BEE7-F45CC5D8BEE0}.Release|Any CPU.Build.0 = Release|Any CPU
		{52A5C063-A0E9-461D-BBEC-31184FE43D32}.Debug|Any CPU.ActiveCfg = Debug|Any CPU
		{52A5C063-A0E9-461D-BBEC-31184FE43D32}.Debug|Any CPU.Build.0 = Debug|Any CPU
		{52A5C063-A0E9-461D-BBEC-31184FE43D32}.Release|Any CPU.ActiveCfg = Release|Any CPU
		{52A5C063-A0E9-461D-BBEC-31184FE43D32}.Release|Any CPU.Build.0 = Release|Any CPU
		{B4FB2D08-7A36-41FA-83C8-F88429356BB5}.Debug|Any CPU.ActiveCfg = Debug|Any CPU
		{B4FB2D08-7A36-41FA-83C8-F88429356BB5}.Debug|Any CPU.Build.0 = Debug|Any CPU
		{B4FB2D08-7A36-41FA-83C8-F88429356BB5}.Release|Any CPU.ActiveCfg = Release|Any CPU
		{B4FB2D08-7A36-41FA-83C8-F88429356BB5}.Release|Any CPU.Build.0 = Release|Any CPU
		{3BE6F71A-E674-4960-A03F-F5F7176AB329}.Debug|Any CPU.ActiveCfg = Debug|Any CPU
		{3BE6F71A-E674-4960-A03F-F5F7176AB329}.Debug|Any CPU.Build.0 = Debug|Any CPU
		{3BE6F71A-E674-4960-A03F-F5F7176AB329}.Release|Any CPU.ActiveCfg = Release|Any CPU
		{3BE6F71A-E674-4960-A03F-F5F7176AB329}.Release|Any CPU.Build.0 = Release|Any CPU
		{98B22D8E-D45D-4B14-BFAD-5AC8FF2097D4}.Debug|Any CPU.ActiveCfg = Debug|Any CPU
		{98B22D8E-D45D-4B14-BFAD-5AC8FF2097D4}.Debug|Any CPU.Build.0 = Debug|Any CPU
		{98B22D8E-D45D-4B14-BFAD-5AC8FF2097D4}.Release|Any CPU.ActiveCfg = Release|Any CPU
		{98B22D8E-D45D-4B14-BFAD-5AC8FF2097D4}.Release|Any CPU.Build.0 = Release|Any CPU
	EndGlobalSection
	GlobalSection(SolutionProperties) = preSolution
		HideSolutionNode = FALSE
	EndGlobalSection
	GlobalSection(ExtensibilityGlobals) = postSolution
		SolutionGuid = {E690EF27-7ABC-404F-89BB-C10167D6193B}
	EndGlobalSection
EndGlobal
